
Microsoft Visual Studio Solution File, Format Version 12.00
# Visual Studio 15
VisualStudioVersion = 15.0.27703.2047
MinimumVisualStudioVersion = 10.0.40219.1
Project("{FAE04EC0-301F-11D3-BF4B-00C04F79EFBC}") = "MyShop", "MyShop\MyShop.csproj", "{ABFF33E8-02C2-49C3-B959-BE1E91116CF5}"
EndProject
Project("{FAE04EC0-301F-11D3-BF4B-00C04F79EFBC}") = "Models_Controllers", "Models-Controllers\Models_Controllers.csproj", "{815E3A8E-9D25-4C4F-A89F-512B9A1D3062}"
EndProject
Project("{FAE04EC0-301F-11D3-BF4B-00C04F79EFBC}") = "ValueObject", "ValueObject\ValueObject.csproj", "{F3393F82-B6CF-4016-8D90-80C2608016ED}"
EndProject
Global
	GlobalSection(SolutionConfigurationPlatforms) = preSolution
		Debug|Any CPU = Debug|Any CPU
		Release|Any CPU = Release|Any CPU
	EndGlobalSection
	GlobalSection(ProjectConfigurationPlatforms) = postSolution
		{ABFF33E8-02C2-49C3-B959-BE1E91116CF5}.Debug|Any CPU.ActiveCfg = Debug|Any CPU
		{ABFF33E8-02C2-49C3-B959-BE1E91116CF5}.Debug|Any CPU.Build.0 = Debug|Any CPU
		{ABFF33E8-02C2-49C3-B959-BE1E91116CF5}.Release|Any CPU.ActiveCfg = Release|Any CPU
		{ABFF33E8-02C2-49C3-B959-BE1E91116CF5}.Release|Any CPU.Build.0 = Release|Any CPU
		{815E3A8E-9D25-4C4F-A89F-512B9A1D3062}.Debug|Any CPU.ActiveCfg = Debug|Any CPU
		{815E3A8E-9D25-4C4F-A89F-512B9A1D3062}.Debug|Any CPU.Build.0 = Debug|Any CPU
		{815E3A8E-9D25-4C4F-A89F-512B9A1D3062}.Release|Any CPU.ActiveCfg = Release|Any CPU
		{815E3A8E-9D25-4C4F-A89F-512B9A1D3062}.Release|Any CPU.Build.0 = Release|Any CPU
		{F3393F82-B6CF-4016-8D90-80C2608016ED}.Debug|Any CPU.ActiveCfg = Debug|Any CPU
		{F3393F82-B6CF-4016-8D90-80C2608016ED}.Debug|Any CPU.Build.0 = Debug|Any CPU
		{F3393F82-B6CF-4016-8D90-80C2608016ED}.Release|Any CPU.ActiveCfg = Release|Any CPU
		{F3393F82-B6CF-4016-8D90-80C2608016ED}.Release|Any CPU.Build.0 = Release|Any CPU
	EndGlobalSection
	GlobalSection(SolutionProperties) = preSolution
		HideSolutionNode = FALSE
	EndGlobalSection
	GlobalSection(ExtensibilityGlobals) = postSolution
		SolutionGuid = {6A31F619-8BC8-4F90-93E7-7DA5C23B871F}
	EndGlobalSection
EndGlobal
